
Microsoft Visual Studio Solution File, Format Version 12.00
# Visual Studio Version 17
VisualStudioVersion = 17.11.35431.28
MinimumVisualStudioVersion = 10.0.40219.1
Project("{FAE04EC0-301F-11D3-BF4B-00C04F79EFBC}") = "Lineino", "Lineino\Lineino.csproj", "{19B38F16-3D53-4E95-8F41-89EAE5B54C0A}"
EndProject
Project("{FAE04EC0-301F-11D3-BF4B-00C04F79EFBC}") = "Lineino_2", "..\Lineino_2\Lineino_2.csproj", "{E86481A2-A69D-40A5-ABE9-FD5B28EF2641}"
EndProject
Global
	GlobalSection(SolutionConfigurationPlatforms) = preSolution
		Debug|Any CPU = Debug|Any CPU
		Release|Any CPU = Release|Any CPU
	EndGlobalSection
	GlobalSection(ProjectConfigurationPlatforms) = postSolution
		{19B38F16-3D53-4E95-8F41-89EAE5B54C0A}.Debug|Any CPU.ActiveCfg = Debug|Any CPU
		{19B38F16-3D53-4E95-8F41-89EAE5B54C0A}.Debug|Any CPU.Build.0 = Debug|Any CPU
		{19B38F16-3D53-4E95-8F41-89EAE5B54C0A}.Release|Any CPU.ActiveCfg = Release|Any CPU
		{19B38F16-3D53-4E95-8F41-89EAE5B54C0A}.Release|Any CPU.Build.0 = Release|Any CPU
		{E86481A2-A69D-40A5-ABE9-FD5B28EF2641}.Debug|Any CPU.ActiveCfg = Debug|Any CPU
		{E86481A2-A69D-40A5-ABE9-FD5B28EF2641}.Debug|Any CPU.Build.0 = Debug|Any CPU
		{E86481A2-A69D-40A5-ABE9-FD5B28EF2641}.Release|Any CPU.ActiveCfg = Release|Any CPU
		{E86481A2-A69D-40A5-ABE9-FD5B28EF2641}.Release|Any CPU.Build.0 = Release|Any CPU
	EndGlobalSection
	GlobalSection(SolutionProperties) = preSolution
		HideSolutionNode = FALSE
	EndGlobalSection
	GlobalSection(ExtensibilityGlobals) = postSolution
		SolutionGuid = {31F1111D-8E5F-4AA8-BF15-CA946C4C45F9}
	EndGlobalSection
EndGlobal
